
Microsoft Visual Studio Solution File, Format Version 12.00
# Visual Studio 2013
VisualStudioVersion = 12.0.31101.0
MinimumVisualStudioVersion = 10.0.40219.1
Project("{FAE04EC0-301F-11D3-BF4B-00C04F79EFBC}") = "PD2Bundle", "PD2Bundle\PD2Bundle.csproj", "{EED04563-6AD1-40C9-8FDF-FF17C42D9E2E}"
EndProject
Project("{FAE04EC0-301F-11D3-BF4B-00C04F79EFBC}") = "Hash64Managed", "..\..\Common\Hash64Managed\Hash64Managed\Hash64Managed.csproj", "{45D65B65-B332-4B19-A938-CDC59C32A2EC}"
EndProject
Global
	GlobalSection(SolutionConfigurationPlatforms) = preSolution
		Debug|Any CPU = Debug|Any CPU
		Release|Any CPU = Release|Any CPU
	EndGlobalSection
	GlobalSection(ProjectConfigurationPlatforms) = postSolution
		{EED04563-6AD1-40C9-8FDF-FF17C42D9E2E}.Debug|Any CPU.ActiveCfg = Debug|Any CPU
		{EED04563-6AD1-40C9-8FDF-FF17C42D9E2E}.Debug|Any CPU.Build.0 = Debug|Any CPU
		{EED04563-6AD1-40C9-8FDF-FF17C42D9E2E}.Release|Any CPU.ActiveCfg = Release|Any CPU
		{EED04563-6AD1-40C9-8FDF-FF17C42D9E2E}.Release|Any CPU.Build.0 = Release|Any CPU
		{45D65B65-B332-4B19-A938-CDC59C32A2EC}.Debug|Any CPU.ActiveCfg = Debug|Any CPU
		{45D65B65-B332-4B19-A938-CDC59C32A2EC}.Debug|Any CPU.Build.0 = Debug|Any CPU
		{45D65B65-B332-4B19-A938-CDC59C32A2EC}.Release|Any CPU.ActiveCfg = Release|Any CPU
		{45D65B65-B332-4B19-A938-CDC59C32A2EC}.Release|Any CPU.Build.0 = Release|Any CPU
	EndGlobalSection
	GlobalSection(SolutionProperties) = preSolution
		HideSolutionNode = FALSE
	EndGlobalSection
EndGlobal
